PODS:
  - FBSnapshotTestCase (2.0.7):
    - FBSnapshotTestCase/SwiftSupport (= 2.0.7)
  - FBSnapshotTestCase/Core (2.0.7)
  - FBSnapshotTestCase/SwiftSupport (2.0.7):
    - FBSnapshotTestCase/Core
  - TDLog (1.0.2)

DEPENDENCIES:
  - FBSnapshotTestCase
  - TDLog (from `../`)

EXTERNAL SOURCES:
  TDLog:
    :path: ../

SPEC CHECKSUMS:
  FBSnapshotTestCase: 7e85180d0d141a0cf472352edda7e80d7eaeb547
  TDLog: c37c70d5c1e3c24a7551736360203090649193e4

COCOAPODS: 0.39.0
