PODS:
  - FBSnapshotTestCase (2.1.0):
    - FBSnapshotTestCase/SwiftSupport (= 2.1.0)
  - FBSnapshotTestCase/Core (2.1.0)
  - FBSnapshotTestCase/SwiftSupport (2.1.0):
    - FBSnapshotTestCase/Core
  - TDLog (1.0.3)

DEPENDENCIES:
  - FBSnapshotTestCase
  - TDLog (from `../`)

EXTERNAL SOURCES:
  TDLog:
    :path: ../

SPEC CHECKSUMS:
  FBSnapshotTestCase: 366ecd378511d7716c79991cd8067d1eed23578d
  TDLog: 9fae57275f16fba1d46106f8a5c88e599b2ee504

COCOAPODS: 0.39.0
